# This file is autogenerated, do not edit; changes may be undone by the next 'dep ensure'.


[[projects]]
  branch = "master"
  name = "github.com/berfarah/gobot"
  packages = ["."]
  revision = "48a30c27beb2df317ca3665152a7ba296e20e36d"

[[projects]]
  branch = "master"
  name = "github.com/berfarah/gobot-slack"
  packages = ["."]
  revision = "cbba0eeaff7058a0fbfa5f2c6b7978c5fde93cd9"

[[projects]]
  branch = "master"
  name = "github.com/berfarah/gobot-store-redis"
  packages = ["."]
  revision = "6a450f3a348eb702bff058fbef789dc487c230ce"

[[projects]]
  name = "github.com/go-redis/cache"
  packages = [".","internal/lrucache","internal/singleflight"]
  revision = "b68067d78498568593602bc54229e68b54b50ca4"
  version = "v6.3.2"

[[projects]]
  name = "github.com/go-redis/redis"
  packages = [".","internal","internal/consistenthash","internal/hashtag","internal/pool","internal/proto"]
  revision = "4021ace05686f632ff17fd824bbed229fc474cf8"
  version = "v6.8.2"

[[projects]]
  branch = "master"
  name = "github.com/golang/protobuf"
  packages = ["proto"]
  revision = "c65a0412e71e8b9b3bfd22925720d23c0f054237"

[[projects]]
  name = "github.com/gorilla/context"
  packages = ["."]
  revision = "1ea25387ff6f684839d82767c1733ff4d4d15d0a"
  version = "v1.1"

[[projects]]
  name = "github.com/gorilla/mux"
  packages = ["."]
  revision = "53c1911da2b537f792e7cafcb446b05ffe33b996"
  version = "v1.6.1"

[[projects]]
  name = "github.com/nlopes/slack"
  packages = ["."]
  revision = "c86337c0ef2486a15edd804355d9c73d2f2caed1"
  version = "v0.1.0"

[[projects]]
  name = "github.com/op/go-logging"
  packages = ["."]
  revision = "b2cb9fa56473e98db8caba80237377e83fe44db5"
  version = "v1"

[[projects]]
  name = "github.com/vmihailenco/msgpack"
  packages = [".","codes"]
  revision = "428cb44b01569a0bc7d3ea5ab3b93208eddf02f6"
  version = "v3.2.4"

[[projects]]
  branch = "master"
  name = "golang.org/x/net"
  packages = ["context","websocket"]
  revision = "0ed95abb35c445290478a5348a7b38bb154135fd"

[[projects]]
  name = "google.golang.org/appengine"
  packages = [".","datastore","internal","internal/app_identity","internal/base","internal/datastore","internal/log","internal/modules","internal/remote_api"]
  revision = "150dc57a1b433e64154302bdc40b6bb8aefa313a"
  version = "v1.0.0"

[solve-meta]
  analyzer-name = "dep"
  analyzer-version = 1
  inputs-digest = "9519b87b15805ca46257f079d1c5735c7218e7a1b69c2cb0b9dd84129fc6fe72"
  solver-name = "gps-cdcl"
  solver-version = 1
